
Microsoft Visual Studio Solution File, Format Version 12.00
# Visual Studio 14
VisualStudioVersion = 14.0.25420.1
MinimumVisualStudioVersion = 10.0.40219.1
Project("{FAE04EC0-301F-11D3-BF4B-00C04F79EFBC}") = "Tuan2_Bai13", "Tuan2_Bai13\Tuan2_Bai13.csproj", "{79DD9E96-1EFA-4E45-AC2C-BE38DF746F87}"
EndProject
Project("{FAE04EC0-301F-11D3-BF4B-00C04F79EFBC}") = "Tuan2_QuanlyCD", "Tuan2_QuanlyCD\Tuan2_QuanlyCD.csproj", "{3AEECE58-8603-4C9F-99BA-1AD77D161BD0}"
EndProject
Global
	GlobalSection(SolutionConfigurationPlatforms) = preSolution
		Debug|Any CPU = Debug|Any CPU
		Release|Any CPU = Release|Any CPU
	EndGlobalSection
	GlobalSection(ProjectConfigurationPlatforms) = postSolution
		{79DD9E96-1EFA-4E45-AC2C-BE38DF746F87}.Debug|Any CPU.ActiveCfg = Debug|Any CPU
		{79DD9E96-1EFA-4E45-AC2C-BE38DF746F87}.Debug|Any CPU.Build.0 = Debug|Any CPU
		{79DD9E96-1EFA-4E45-AC2C-BE38DF746F87}.Release|Any CPU.ActiveCfg = Release|Any CPU
		{79DD9E96-1EFA-4E45-AC2C-BE38DF746F87}.Release|Any CPU.Build.0 = Release|Any CPU
		{3AEECE58-8603-4C9F-99BA-1AD77D161BD0}.Debug|Any CPU.ActiveCfg = Debug|Any CPU
		{3AEECE58-8603-4C9F-99BA-1AD77D161BD0}.Debug|Any CPU.Build.0 = Debug|Any CPU
		{3AEECE58-8603-4C9F-99BA-1AD77D161BD0}.Release|Any CPU.ActiveCfg = Release|Any CPU
		{3AEECE58-8603-4C9F-99BA-1AD77D161BD0}.Release|Any CPU.Build.0 = Release|Any CPU
	EndGlobalSection
	GlobalSection(SolutionProperties) = preSolution
		HideSolutionNode = FALSE
	EndGlobalSection
EndGlobal
